// !$*UTF8*$!
{
	archiveVersion = 1;
	classes = {
	};
	objectVersion = 55;
	objects = {

/* Begin PBXBuildFile section */
		48CCE2C228AFD9E300CFB6A6 /* AppDelegate.swift in Sources */ = {isa = PBXBuildFile; fileRef = 48CCE2C128AFD9E300CFB6A6 /* AppDelegate.swift */; };
		48CCE2C428AFD9E300CFB6A6 /* SceneDelegate.swift in Sources */ = {isa = PBXBuildFile; fileRef = 48CCE2C328AFD9E300CFB6A6 /* SceneDelegate.swift */; };
		48CCE2C628AFD9E300CFB6A6 /* ViewController.swift in Sources */ = {isa = PBXBuildFile; fileRef = 48CCE2C528AFD9E300CFB6A6 /* ViewController.swift */; };
		48CCE2C928AFD9E300CFB6A6 /* Main.storyboard in Resources */ = {isa = PBXBuildFile; fileRef = 48CCE2C728AFD9E300CFB6A6 /* Main.storyboard */; };
		48CCE2CB28AFD9E400CFB6A6 /* Assets.xcassets in Resources */ = {isa = PBXBuildFile; fileRef = 48CCE2CA28AFD9E400CFB6A6 /* Assets.xcassets */; };
		48CCE2CE28AFD9E400CFB6A6 /* LaunchScreen.storyboard in Resources */ = {isa = PBXBuildFile; fileRef = 48CCE2CC28AFD9E400CFB6A6 /* LaunchScreen.storyboard */; };
		48CCE2D928AFD9E400CFB6A6 /* CalculatorAppTests.swift in Sources */ = {isa = PBXBuildFile; fileRef = 48CCE2D828AFD9E400CFB6A6 /* CalculatorAppTests.swift */; };
		48CCE2E328AFD9E400CFB6A6 /* CalculatorAppUITests.swift in Sources */ = {isa = PBXBuildFile; fileRef = 48CCE2E228AFD9E400CFB6A6 /* CalculatorAppUITests.swift */; };
		48CCE2E528AFD9E400CFB6A6 /* CalculatorAppUITestsLaunchTests.swift in Sources */ = {isa = PBXBuildFile; fileRef = 48CCE2E428AFD9E400CFB6A6 /* CalculatorAppUITestsLaunchTests.swift */; };
/* End PBXBuildFile section */

/* Begin PBXContainerItemProxy section */
		48CCE2D528AFD9E400CFB6A6 /* PBXContainerItemProxy */ = {
			isa = PBXContainerItemProxy;
			containerPortal = 48CCE2B628AFD9E300CFB6A6 /* Project object */;
			proxyType = 1;
			remoteGlobalIDString = 48CCE2BD28AFD9E300CFB6A6;
			remoteInfo = CalculatorApp;
		};
		48CCE2DF28AFD9E400CFB6A6 /* PBXContainerItemProxy */ = {
			isa = PBXContainerItemProxy;
			containerPortal = 48CCE2B628AFD9E300CFB6A6 /* Project object */;
			proxyType = 1;
			remoteGlobalIDString = 48CCE2BD28AFD9E300CFB6A6;
			remoteInfo = CalculatorApp;
		};
/* End PBXContainerItemProxy section */

/* Begin PBXFileReference section */
		48CCE2BE28AFD9E300CFB6A6 /* CalculatorApp.app */ = {isa = PBXFileReference; explicitFileType = wrapper.application; includeInIndex = 0; path = CalculatorApp.app; sourceTree = BUILT_PRODUCTS_DIR; };
		48CCE2C128AFD9E300CFB6A6 /* AppDelegate.swift */ = {isa = PBXFileReference; lastKnownFileType = sourcecode.swift; path = AppDelegate.swift; sourceTree = "<group>"; };
		48CCE2C328AFD9E300CFB6A6 /* SceneDelegate.swift */ = {isa = PBXFileReference; lastKnownFileType = sourcecode.swift; path = SceneDelegate.swift; sourceTree = "<group>"; };
		48CCE2C528AFD9E300CFB6A6 /* ViewController.swift */ = {isa = PBXFileReference; lastKnownFileType = sourcecode.swift; path = ViewController.swift; sourceTree = "<group>"; };
		48CCE2C828AFD9E300CFB6A6 /* Base */ = {isa = PBXFileReference; lastKnownFileType = file.storyboard; name = Base; path = Base.lproj/Main.storyboard; sourceTree = "<group>"; };
		48CCE2CA28AFD9E400CFB6A6 /* Assets.xcassets */ = {isa = PBXFileReference; lastKnownFileType = folder.assetcatalog; path = Assets.xcassets; sourceTree = "<group>"; };
		48CCE2CD28AFD9E400CFB6A6 /* Base */ = {isa = PBXFileReference; lastKnownFileType = file.storyboard; name = Base; path = Base.lproj/LaunchScreen.storyboard; sourceTree = "<group>"; };
		48CCE2CF28AFD9E400CFB6A6 /* Info.plist */ = {isa = PBXFileReference; lastKnownFileType = text.plist.xml; path = Info.plist; sourceTree = "<group>"; };
		48CCE2D428AFD9E400CFB6A6 /* CalculatorAppTests.xctest */ = {isa = PBXFileReference; explicitFileType = wrapper.cfbundle; includeInIndex = 0; path = CalculatorAppTests.xctest; sourceTree = BUILT_PRODUCTS_DIR; };
		48CCE2D828AFD9E400CFB6A6 /* CalculatorAppTests.swift */ = {isa = PBXFileReference; lastKnownFileType = sourcecode.swift; path = CalculatorAppTests.swift; sourceTree = "<group>"; };
		48CCE2DE28AFD9E400CFB6A6 /* CalculatorAppUITests.xctest */ = {isa = PBXFileReference; explicitFileType = wrapper.cfbundle; includeInIndex = 0; path = CalculatorAppUITests.xctest; sourceTree = BUILT_PRODUCTS_DIR; };
		48CCE2E228AFD9E400CFB6A6 /* CalculatorAppUITests.swift */ = {isa = PBXFileReference; lastKnownFileType = sourcecode.swift; path = CalculatorAppUITests.swift; sourceTree = "<group>"; };
		48CCE2E428AFD9E400CFB6A6 /* CalculatorAppUITestsLaunchTests.swift */ = {isa = PBXFileReference; lastKnownFileType = sourcecode.swift; path = CalculatorAppUITestsLaunchTests.swift; sourceTree = "<group>"; };
/* End PBXFileReference section */

/* Begin PBXFrameworksBuildPhase section */
		48CCE2BB28AFD9E300CFB6A6 /* Frameworks */ = {
			isa = PBXFrameworksBuildPhase;
			buildActionMask = 2147483647;
			files = (
			);
			runOnlyForDeploymentPostprocessing = 0;
		};
		48CCE2D128AFD9E400CFB6A6 /* Frameworks */ = {
			isa = PBXFrameworksBuildPhase;
			buildActionMask = 2147483647;
			files = (
			);
			runOnlyForDeploymentPostprocessing = 0;
		};
		48CCE2DB28AFD9E400CFB6A6 /* Frameworks */ = {
			isa = PBXFrameworksBuildPhase;
			buildActionMask = 2147483647;
			files = (
			);
			runOnlyForDeploymentPostprocessing = 0;
		};
/* End PBXFrameworksBuildPhase section */

/* Begin PBXGroup section */
		48CCE2B528AFD9E300CFB6A6 = {
			isa = PBXGroup;
			children = (
				48CCE2C028AFD9E300CFB6A6 /* CalculatorApp */,
				48CCE2D728AFD9E400CFB6A6 /* CalculatorAppTests */,
				48CCE2E128AFD9E400CFB6A6 /* CalculatorAppUITests */,
				48CCE2BF28AFD9E300CFB6A6 /* Products */,
			);
			sourceTree = "<group>";
		};
		48CCE2BF28AFD9E300CFB6A6 /* Products */ = {
			isa = PBXGroup;
			children = (
				48CCE2BE28AFD9E300CFB6A6 /* CalculatorApp.app */,
				48CCE2D428AFD9E400CFB6A6 /* CalculatorAppTests.xctest */,
				48CCE2DE28AFD9E400CFB6A6 /* CalculatorAppUITests.xctest */,
			);
			name = Products;
			sourceTree = "<group>";
		};
		48CCE2C028AFD9E300CFB6A6 /* CalculatorApp */ = {
			isa = PBXGroup;
			children = (
				48CCE2C128AFD9E300CFB6A6 /* AppDelegate.swift */,
				48CCE2C328AFD9E300CFB6A6 /* SceneDelegate.swift */,
				48CCE2C528AFD9E300CFB6A6 /* ViewController.swift */,
				48CCE2C728AFD9E300CFB6A6 /* Main.storyboard */,
				48CCE2CA28AFD9E400CFB6A6 /* Assets.xcassets */,
				48CCE2CC28AFD9E400CFB6A6 /* LaunchScreen.storyboard */,
				48CCE2CF28AFD9E400CFB6A6 /* Info.plist */,
			);
			path = CalculatorApp;
			sourceTree = "<group>";
		};
		48CCE2D728AFD9E400CFB6A6 /* CalculatorAppTests */ = {
			isa = PBXGroup;
			children = (
				48CCE2D828AFD9E400CFB6A6 /* CalculatorAppTests.swift */,
			);
			path = CalculatorAppTests;
			sourceTree = "<group>";
		};
		48CCE2E128AFD9E400CFB6A6 /* CalculatorAppUITests */ = {
			isa = PBXGroup;
			children = (
				48CCE2E228AFD9E400CFB6A6 /* CalculatorAppUITests.swift */,
				48CCE2E428AFD9E400CFB6A6 /* CalculatorAppUITestsLaunchTests.swift */,
			);
			path = CalculatorAppUITests;
			sourceTree = "<group>";
		};
/* End PBXGroup section */

/* Begin PBXNativeTarget section */
		48CCE2BD28AFD9E300CFB6A6 /* CalculatorApp */ = {
			isa = PBXNativeTarget;
			buildConfigurationList = 48CCE2E828AFD9E400CFB6A6 /* Build configuration list for PBXNativeTarget "CalculatorApp" */;
			buildPhases = (
				48CCE2BA28AFD9E300CFB6A6 /* Sources */,
				48CCE2BB28AFD9E300CFB6A6 /* Frameworks */,
				48CCE2BC28AFD9E300CFB6A6 /* Resources */,
			);
			buildRules = (
			);
			dependencies = (
			);
			name = CalculatorApp;
			productName = CalculatorApp;
			productReference = 48CCE2BE28AFD9E300CFB6A6 /* CalculatorApp.app */;
			productType = "com.apple.product-type.application";
		};
		48CCE2D328AFD9E400CFB6A6 /* CalculatorAppTests */ = {
			isa = PBXNativeTarget;
			buildConfigurationList = 48CCE2EB28AFD9E400CFB6A6 /* Build configuration list for PBXNativeTarget "CalculatorAppTests" */;
			buildPhases = (
				48CCE2D028AFD9E400CFB6A6 /* Sources */,
				48CCE2D128AFD9E400CFB6A6 /* Frameworks */,
				48CCE2D228AFD9E400CFB6A6 /* Resources */,
			);
			buildRules = (
			);
			dependencies = (
				48CCE2D628AFD9E400CFB6A6 /* PBXTargetDependency */,
			);
			name = CalculatorAppTests;
			productName = CalculatorAppTests;
			productReference = 48CCE2D428AFD9E400CFB6A6 /* CalculatorAppTests.xctest */;
			productType = "com.apple.product-type.bundle.unit-test";
		};
		48CCE2DD28AFD9E400CFB6A6 /* CalculatorAppUITests */ = {
			isa = PBXNativeTarget;
			buildConfigurationList = 48CCE2EE28AFD9E400CFB6A6 /* Build configuration list for PBXNativeTarget "CalculatorAppUITests" */;
			buildPhases = (
				48CCE2DA28AFD9E400CFB6A6 /* Sources */,
				48CCE2DB28AFD9E400CFB6A6 /* Frameworks */,
				48CCE2DC28AFD9E400CFB6A6 /* Resources */,
			);
			buildRules = (
			);
			dependencies = (
				48CCE2E028AFD9E400CFB6A6 /* PBXTargetDependency */,
			);
			name = CalculatorAppUITests;
			productName = CalculatorAppUITests;
			productReference = 48CCE2DE28AFD9E400CFB6A6 /* CalculatorAppUITests.xctest */;
			productType = "com.apple.product-type.bundle.ui-testing";
		};
/* End PBXNativeTarget section */

/* Begin PBXProject section */
		48CCE2B628AFD9E300CFB6A6 /* Project object */ = {
			isa = PBXProject;
			attributes = {
				BuildIndependentTargetsInParallel = 1;
				LastSwiftUpdateCheck = 1340;
				LastUpgradeCheck = 1340;
				TargetAttributes = {
					48CCE2BD28AFD9E300CFB6A6 = {
						CreatedOnToolsVersion = 13.4.1;
					};
					48CCE2D328AFD9E400CFB6A6 = {
						CreatedOnToolsVersion = 13.4.1;
						TestTargetID = 48CCE2BD28AFD9E300CFB6A6;
					};
					48CCE2DD28AFD9E400CFB6A6 = {
						CreatedOnToolsVersion = 13.4.1;
						TestTargetID = 48CCE2BD28AFD9E300CFB6A6;
					};
				};
			};
			buildConfigurationList = 48CCE2B928AFD9E300CFB6A6 /* Build configuration list for PBXProject "CalculatorApp" */;
			compatibilityVersion = "Xcode 13.0";
			developmentRegion = en;
			hasScannedForEncodings = 0;
			knownRegions = (
				en,
				Base,
			);
			mainGroup = 48CCE2B528AFD9E300CFB6A6;
			productRefGroup = 48CCE2BF28AFD9E300CFB6A6 /* Products */;
			projectDirPath = "";
			projectRoot = "";
			targets = (
				48CCE2BD28AFD9E300CFB6A6 /* CalculatorApp */,
				48CCE2D328AFD9E400CFB6A6 /* CalculatorAppTests */,
				48CCE2DD28AFD9E400CFB6A6 /* CalculatorAppUITests */,
			);
		};
/* End PBXProject section */

/* Begin PBXResourcesBuildPhase section */
		48CCE2BC28AFD9E300CFB6A6 /* Resources */ = {
			isa = PBXResourcesBuildPhase;
			buildActionMask = 2147483647;
			files = (
				48CCE2CE28AFD9E400CFB6A6 /* LaunchScreen.storyboard in Resources */,
				48CCE2CB28AFD9E400CFB6A6 /* Assets.xcassets in Resources */,
				48CCE2C928AFD9E300CFB6A6 /* Main.storyboard in Resources */,
			);
			runOnlyForDeploymentPostprocessing = 0;
		};
		48CCE2D228AFD9E400CFB6A6 /* Resources */ = {
			isa = PBXResourcesBuildPhase;
			buildActionMask = 2147483647;
			files = (
			);
			runOnlyForDeploymentPostprocessing = 0;
		};
		48CCE2DC28AFD9E400CFB6A6 /* Resources */ = {
			isa = PBXResourcesBuildPhase;
			buildActionMask = 2147483647;
			files = (
			);
			runOnlyForDeploymentPostprocessing = 0;
		};
/* End PBXResourcesBuildPhase section */

/* Begin PBXSourcesBuildPhase section */
		48CCE2BA28AFD9E300CFB6A6 /* Sources */ = {
			isa = PBXSourcesBuildPhase;
			buildActionMask = 2147483647;
			files = (
				48CCE2C628AFD9E300CFB6A6 /* ViewController.swift in Sources */,
				48CCE2C228AFD9E300CFB6A6 /* AppDelegate.swift in Sources */,
				48CCE2C428AFD9E300CFB6A6 /* SceneDelegate.swift in Sources */,
			);
			runOnlyForDeploymentPostprocessing = 0;
		};
		48CCE2D028AFD9E400CFB6A6 /* Sources */ = {
			isa = PBXSourcesBuildPhase;
			buildActionMask = 2147483647;
			files = (
				48CCE2D928AFD9E400CFB6A6 /* CalculatorAppTests.swift in Sources */,
			);
			runOnlyForDeploymentPostprocessing = 0;
		};
		48CCE2DA28AFD9E400CFB6A6 /* Sources */ = {
			isa = PBXSourcesBuildPhase;
			buildActionMask = 2147483647;
			files = (
				48CCE2E528AFD9E400CFB6A6 /* CalculatorAppUITestsLaunchTests.swift in Sources */,
				48CCE2E328AFD9E400CFB6A6 /* CalculatorAppUITests.swift in Sources */,
			);
			runOnlyForDeploymentPostprocessing = 0;
		};
/* End PBXSourcesBuildPhase section */

/* Begin PBXTargetDependency section */
		48CCE2D628AFD9E400CFB6A6 /* PBXTargetDependency */ = {
			isa = PBXTargetDependency;
			target = 48CCE2BD28AFD9E300CFB6A6 /* CalculatorApp */;
			targetProxy = 48CCE2D528AFD9E400CFB6A6 /* PBXContainerItemProxy */;
		};
		48CCE2E028AFD9E400CFB6A6 /* PBXTargetDependency */ = {
			isa = PBXTargetDependency;
			target = 48CCE2BD28AFD9E300CFB6A6 /* CalculatorApp */;
			targetProxy = 48CCE2DF28AFD9E400CFB6A6 /* PBXContainerItemProxy */;
		};
/* End PBXTargetDependency section */

/* Begin PBXVariantGroup section */
		48CCE2C728AFD9E300CFB6A6 /* Main.storyboard */ = {
			isa = PBXVariantGroup;
			children = (
				48CCE2C828AFD9E300CFB6A6 /* Base */,
			);
			name = Main.storyboard;
			sourceTree = "<group>";
		};
		48CCE2CC28AFD9E400CFB6A6 /* LaunchScreen.storyboard */ = {
			isa = PBXVariantGroup;
			children = (
				48CCE2CD28AFD9E400CFB6A6 /* Base */,
			);
			name = LaunchScreen.storyboard;
			sourceTree = "<group>";
		};
/* End PBXVariantGroup section */

/* Begin XCBuildConfiguration section */
		48CCE2E628AFD9E400CFB6A6 /* Debug */ = {
			isa = XCBuildConfiguration;
			buildSettings = {
				ALWAYS_SEARCH_USER_PATHS = NO;
				CLANG_ANALYZER_NONNULL = YES;
				CLANG_ANALYZER_NUMBER_OBJECT_CONVERSION = YES_AGGRESSIVE;
				CLANG_CXX_LANGUAGE_STANDARD = "gnu++17";
				CLANG_ENABLE_MODULES = YES;
				CLANG_ENABLE_OBJC_ARC = YES;
				CLANG_ENABLE_OBJC_WEAK = YES;
				CLANG_WARN_BLOCK_CAPTURE_AUTORELEASING = YES;
				CLANG_WARN_BOOL_CONVERSION = YES;
				CLANG_WARN_COMMA = YES;
				CLANG_WARN_CONSTANT_CONVERSION = YES;
				CLANG_WARN_DEPRECATED_OBJC_IMPLEMENTATIONS = YES;
				CLANG_WARN_DIRECT_OBJC_ISA_USAGE = YES_ERROR;
				CLANG_WARN_DOCUMENTATION_COMMENTS = YES;
				CLANG_WARN_EMPTY_BODY = YES;
				CLANG_WARN_ENUM_CONVERSION = YES;
				CLANG_WARN_INFINITE_RECURSION = YES;
				CLANG_WARN_INT_CONVERSION = YES;
				CLANG_WARN_NON_LITERAL_NULL_CONVERSION = YES;
				CLANG_WARN_OBJC_IMPLICIT_RETAIN_SELF = YES;
				CLANG_WARN_OBJC_LITERAL_CONVERSION = YES;
				CLANG_WARN_OBJC_ROOT_CLASS = YES_ERROR;
				CLANG_WARN_QUOTED_INCLUDE_IN_FRAMEWORK_HEADER = YES;
				CLANG_WARN_RANGE_LOOP_ANALYSIS = YES;
				CLANG_WARN_STRICT_PROTOTYPES = YES;
				CLANG_WARN_SUSPICIOUS_MOVE = YES;
				CLANG_WARN_UNGUARDED_AVAILABILITY = YES_AGGRESSIVE;
				CLANG_WARN_UNREACHABLE_CODE = YES;
				CLANG_WARN__DUPLICATE_METHOD_MATCH = YES;
				COPY_PHASE_STRIP = NO;
				DEBUG_INFORMATION_FORMAT = dwarf;
				ENABLE_STRICT_OBJC_MSGSEND = YES;
				ENABLE_TESTABILITY = YES;
				GCC_C_LANGUAGE_STANDARD = gnu11;
				GCC_DYNAMIC_NO_PIC = NO;
				GCC_NO_COMMON_BLOCKS = YES;
				GCC_OPTIMIZATION_LEVEL = 0;
				GCC_PREPROCESSOR_DEFINITIONS = (
					"DEBUG=1",
					"$(inherited)",
				);
				GCC_WARN_64_TO_32_BIT_CONVERSION = YES;
				GCC_WARN_ABOUT_RETURN_TYPE = YES_ERROR;
				GCC_WARN_UNDECLARED_SELECTOR = YES;
				GCC_WARN_UNINITIALIZED_AUTOS = YES_AGGRESSIVE;
				GCC_WARN_UNUSED_FUNCTION = YES;
				GCC_WARN_UNUSED_VARIABLE = YES;
				IPHONEOS_DEPLOYMENT_TARGET = 15.5;
				MTL_ENABLE_DEBUG_INFO = INCLUDE_SOURCE;
				MTL_FAST_MATH = YES;
				ONLY_ACTIVE_ARCH = YES;
				SDKROOT = iphoneos;
				SWIFT_ACTIVE_COMPILATION_CONDITIONS = DEBUG;
				SWIFT_OPTIMIZATION_LEVEL = "-Onone";
			};
			name = Debug;
		};
		48CCE2E728AFD9E400CFB6A6 /* Release */ = {
			isa = XCBuildConfiguration;
			buildSettings = {
				ALWAYS_SEARCH_USER_PATHS = NO;
				CLANG_ANALYZER_NONNULL = YES;
				CLANG_ANALYZER_NUMBER_OBJECT_CONVERSION = YES_AGGRESSIVE;
				CLANG_CXX_LANGUAGE_STANDARD = "gnu++17";
				CLANG_ENABLE_MODULES = YES;
				CLANG_ENABLE_OBJC_ARC = YES;
				CLANG_ENABLE_OBJC_WEAK = YES;
				CLANG_WARN_BLOCK_CAPTURE_AUTORELEASING = YES;
				CLANG_WARN_BOOL_CONVERSION = YES;
				CLANG_WARN_COMMA = YES;
				CLANG_WARN_CONSTANT_CONVERSION = YES;
				CLANG_WARN_DEPRECATED_OBJC_IMPLEMENTATIONS = YES;
				CLANG_WARN_DIRECT_OBJC_ISA_USAGE = YES_ERROR;
				CLANG_WARN_DOCUMENTATION_COMMENTS = YES;
				CLANG_WARN_EMPTY_BODY = YES;
				CLANG_WARN_ENUM_CONVERSION = YES;
				CLANG_WARN_INFINITE_RECURSION = YES;
				CLANG_WARN_INT_CONVERSION = YES;
				CLANG_WARN_NON_LITERAL_NULL_CONVERSION = YES;
				CLANG_WARN_OBJC_IMPLICIT_RETAIN_SELF = YES;
				CLANG_WARN_OBJC_LITERAL_CONVERSION = YES;
				CLANG_WARN_OBJC_ROOT_CLASS = YES_ERROR;
				CLANG_WARN_QUOTED_INCLUDE_IN_FRAMEWORK_HEADER = YES;
				CLANG_WARN_RANGE_LOOP_ANALYSIS = YES;
				CLANG_WARN_STRICT_PROTOTYPES = YES;
				CLANG_WARN_SUSPICIOUS_MOVE = YES;
				CLANG_WARN_UNGUARDED_AVAILABILITY = YES_AGGRESSIVE;
				CLANG_WARN_UNREACHABLE_CODE = YES;
				CLANG_WARN__DUPLICATE_METHOD_MATCH = YES;
				COPY_PHASE_STRIP = NO;
				DEBUG_INFORMATION_FORMAT = "dwarf-with-dsym";
				ENABLE_NS_ASSERTIONS = NO;
				ENABLE_STRICT_OBJC_MSGSEND = YES;
				GCC_C_LANGUAGE_STANDARD = gnu11;
				GCC_NO_COMMON_BLOCKS = YES;
				GCC_WARN_64_TO_32_BIT_CONVERSION = YES;
				GCC_WARN_ABOUT_RETURN_TYPE = YES_ERROR;
				GCC_WARN_UNDECLARED_SELECTOR = YES;
				GCC_WARN_UNINITIALIZED_AUTOS = YES_AGGRESSIVE;
				GCC_WARN_UNUSED_FUNCTION = YES;
				GCC_WARN_UNUSED_VARIABLE = YES;
				IPHONEOS_DEPLOYMENT_TARGET = 15.5;
				MTL_ENABLE_DEBUG_INFO = NO;
				MTL_FAST_MATH = YES;
				SDKROOT = iphoneos;
				SWIFT_COMPILATION_MODE = wholemodule;
				SWIFT_OPTIMIZATION_LEVEL = "-O";
				VALIDATE_PRODUCT = YES;
			};
			name = Release;
		};
		48CCE2E928AFD9E400CFB6A6 /* Debug */ = {
			isa = XCBuildConfiguration;
			buildSettings = {
				ASSETCATALOG_COMPILER_APPICON_NAME = AppIcon;
				ASSETCATALOG_COMPILER_GLOBAL_ACCENT_COLOR_NAME = AccentColor;
				CODE_SIGN_STYLE = Automatic;
				CURRENT_PROJECT_VERSION = 1;
				GENERATE_INFOPLIST_FILE = YES;
				INFOPLIST_FILE = CalculatorApp/Info.plist;
				INFOPLIST_KEY_UIApplicationSupportsIndirectInputEvents = YES;
				INFOPLIST_KEY_UILaunchStoryboardName = LaunchScreen;
				INFOPLIST_KEY_UIMainStoryboardFile = Main;
				INFOPLIST_KEY_UISupportedInterfaceOrientations_iPad = "UIInterfaceOrientationPortrait UIInterfaceOrientationPortraitUpsideDown UIInterfaceOrientationLandscapeLeft UIInterfaceOrientationLandscapeRight";
				INFOPLIST_KEY_UISupportedInterfaceOrientations_iPhone = "UIInterfaceOrientationPortrait UIInterfaceOrientationLandscapeLeft UIInterfaceOrientationLandscapeRight";
				LD_RUNPATH_SEARCH_PATHS = (
					"$(inherited)",
					"@executable_path/Frameworks",
				);
				MARKETING_VERSION = 1.0;
				PRODUCT_BUNDLE_IDENTIFIER = com.itc.mymac.CalculatorApp;
				PRODUCT_NAME = "$(TARGET_NAME)";
				SWIFT_EMIT_LOC_STRINGS = YES;
				SWIFT_VERSION = 5.0;
				TARGETED_DEVICE_FAMILY = "1,2";
			};
			name = Debug;
		};
		48CCE2EA28AFD9E400CFB6A6 /* Release */ = {
			isa = XCBuildConfiguration;
			buildSettings = {
				ASSETCATALOG_COMPILER_APPICON_NAME = AppIcon;
				ASSETCATALOG_COMPILER_GLOBAL_ACCENT_COLOR_NAME = AccentColor;
				CODE_SIGN_STYLE = Automatic;
				CURRENT_PROJECT_VERSION = 1;
				GENERATE_INFOPLIST_FILE = YES;
				INFOPLIST_FILE = CalculatorApp/Info.plist;
				INFOPLIST_KEY_UIApplicationSupportsIndirectInputEvents = YES;
				INFOPLIST_KEY_UILaunchStoryboardName = LaunchScreen;
				INFOPLIST_KEY_UIMainStoryboardFile = Main;
				INFOPLIST_KEY_UISupportedInterfaceOrientations_iPad = "UIInterfaceOrientationPortrait UIInterfaceOrientationPortraitUpsideDown UIInterfaceOrientationLandscapeLeft UIInterfaceOrientationLandscapeRight";
				INFOPLIST_KEY_UISupportedInterfaceOrientations_iPhone = "UIInterfaceOrientationPortrait UIInterfaceOrientationLandscapeLeft UIInterfaceOrientationLandscapeRight";
				LD_RUNPATH_SEARCH_PATHS = (
					"$(inherited)",
					"@executable_path/Frameworks",
				);
				MARKETING_VERSION = 1.0;
				PRODUCT_BUNDLE_IDENTIFIER = com.itc.mymac.CalculatorApp;
				PRODUCT_NAME = "$(TARGET_NAME)";
				SWIFT_EMIT_LOC_STRINGS = YES;
				SWIFT_VERSION = 5.0;
				TARGETED_DEVICE_FAMILY = "1,2";
			};
			name = Release;
		};
		48CCE2EC28AFD9E400CFB6A6 /* Debug */ = {
			isa = XCBuildConfiguration;
			buildSettings = {
				ALWAYS_EMBED_SWIFT_STANDARD_LIBRARIES = YES;
				BUNDLE_LOADER = "$(TEST_HOST)";
				CODE_SIGN_STYLE = Automatic;
				CURRENT_PROJECT_VERSION = 1;
				GENERATE_INFOPLIST_FILE = YES;
				IPHONEOS_DEPLOYMENT_TARGET = 15.5;
				MARKETING_VERSION = 1.0;
				PRODUCT_BUNDLE_IDENTIFIER = com.itc.mymac.CalculatorAppTests;
				PRODUCT_NAME = "$(TARGET_NAME)";
				SWIFT_EMIT_LOC_STRINGS = NO;
				SWIFT_VERSION = 5.0;
				TARGETED_DEVICE_FAMILY = "1,2";
				TEST_HOST = "$(BUILT_PRODUCTS_DIR)/CalculatorApp.app/CalculatorApp";
			};
			name = Debug;
		};
		48CCE2ED28AFD9E400CFB6A6 /* Release */ = {
			isa = XCBuildConfiguration;
			buildSettings = {
				ALWAYS_EMBED_SWIFT_STANDARD_LIBRARIES = YES;
				BUNDLE_LOADER = "$(TEST_HOST)";
				CODE_SIGN_STYLE = Automatic;
				CURRENT_PROJECT_VERSION = 1;
				GENERATE_INFOPLIST_FILE = YES;
				IPHONEOS_DEPLOYMENT_TARGET = 15.5;
				MARKETING_VERSION = 1.0;
				PRODUCT_BUNDLE_IDENTIFIER = com.itc.mymac.CalculatorAppTests;
				PRODUCT_NAME = "$(TARGET_NAME)";
				SWIFT_EMIT_LOC_STRINGS = NO;
				SWIFT_VERSION = 5.0;
				TARGETED_DEVICE_FAMILY = "1,2";
				TEST_HOST = "$(BUILT_PRODUCTS_DIR)/CalculatorApp.app/CalculatorApp";
			};
			name = Release;
		};
		48CCE2EF28AFD9E400CFB6A6 /* Debug */ = {
			isa = XCBuildConfiguration;
			buildSettings = {
				ALWAYS_EMBED_SWIFT_STANDARD_LIBRARIES = YES;
				CODE_SIGN_STYLE = Automatic;
				CURRENT_PROJECT_VERSION = 1;
				GENERATE_INFOPLIST_FILE = YES;
				MARKETING_VERSION = 1.0;
				PRODUCT_BUNDLE_IDENTIFIER = com.itc.mymac.CalculatorAppUITests;
				PRODUCT_NAME = "$(TARGET_NAME)";
				SWIFT_EMIT_LOC_STRINGS = NO;
				SWIFT_VERSION = 5.0;
				TARGETED_DEVICE_FAMILY = "1,2";
				TEST_TARGET_NAME = CalculatorApp;
			};
			name = Debug;
		};
		48CCE2F028AFD9E400CFB6A6 /* Release */ = {
			isa = XCBuildConfiguration;
			buildSettings = {
				ALWAYS_EMBED_SWIFT_STANDARD_LIBRARIES = YES;
				CODE_SIGN_STYLE = Automatic;
				CURRENT_PROJECT_VERSION = 1;
				GENERATE_INFOPLIST_FILE = YES;
				MARKETING_VERSION = 1.0;
				PRODUCT_BUNDLE_IDENTIFIER = com.itc.mymac.CalculatorAppUITests;
				PRODUCT_NAME = "$(TARGET_NAME)";
				SWIFT_EMIT_LOC_STRINGS = NO;
				SWIFT_VERSION = 5.0;
				TARGETED_DEVICE_FAMILY = "1,2";
				TEST_TARGET_NAME = CalculatorApp;
			};
			name = Release;
		};
/* End XCBuildConfiguration section */

/* Begin XCConfigurationList section */
		48CCE2B928AFD9E300CFB6A6 /* Build configuration list for PBXProject "CalculatorApp" */ = {
			isa = XCConfigurationList;
			buildConfigurations = (
				48CCE2E628AFD9E400CFB6A6 /* Debug */,
				48CCE2E728AFD9E400CFB6A6 /* Release */,
			);
			defaultConfigurationIsVisible = 0;
			defaultConfigurationName = Release;
		};
		48CCE2E828AFD9E400CFB6A6 /* Build configuration list for PBXNativeTarget "CalculatorApp" */ = {
			isa = XCConfigurationList;
			buildConfigurations = (
				48CCE2E928AFD9E400CFB6A6 /* Debug */,
				48CCE2EA28AFD9E400CFB6A6 /* Release */,
			);
			defaultConfigurationIsVisible = 0;
			defaultConfigurationName = Release;
		};
		48CCE2EB28AFD9E400CFB6A6 /* Build configuration list for PBXNativeTarget "CalculatorAppTests" */ = {
			isa = XCConfigurationList;
			buildConfigurations = (
				48CCE2EC28AFD9E400CFB6A6 /* Debug */,
				48CCE2ED28AFD9E400CFB6A6 /* Release */,
			);
			defaultConfigurationIsVisible = 0;
			defaultConfigurationName = Release;
		};
		48CCE2EE28AFD9E400CFB6A6 /* Build configuration list for PBXNativeTarget "CalculatorAppUITests" */ = {
			isa = XCConfigurationList;
			buildConfigurations = (
				48CCE2EF28AFD9E400CFB6A6 /* Debug */,
				48CCE2F028AFD9E400CFB6A6 /* Release */,
			);
			defaultConfigurationIsVisible = 0;
			defaultConfigurationName = Release;
		};
/* End XCConfigurationList section */
	};
	rootObject = 48CCE2B628AFD9E300CFB6A6 /* Project object */;
}
